
Microsoft Visual Studio Solution File, Format Version 12.00
# Visual Studio Version 16
VisualStudioVersion = 16.0.30711.63
MinimumVisualStudioVersion = 10.0.40219.1
Project("{FAE04EC0-301F-11D3-BF4B-00C04F79EFBC}") = "EduJoc_CepSoft", "EduJoc_CepSoft\EduJoc_CepSoft.csproj", "{AF33E436-C020-412B-B854-6EDF0C44E173}"
EndProject
Global
	GlobalSection(SolutionConfigurationPlatforms) = preSolution
		Debug|Any CPU = Debug|Any CPU
		Release|Any CPU = Release|Any CPU
	EndGlobalSection
	GlobalSection(ProjectConfigurationPlatforms) = postSolution
		{AF33E436-C020-412B-B854-6EDF0C44E173}.Debug|Any CPU.ActiveCfg = Debug|Any CPU
		{AF33E436-C020-412B-B854-6EDF0C44E173}.Debug|Any CPU.Build.0 = Debug|Any CPU
		{AF33E436-C020-412B-B854-6EDF0C44E173}.Release|Any CPU.ActiveCfg = Release|Any CPU
		{AF33E436-C020-412B-B854-6EDF0C44E173}.Release|Any CPU.Build.0 = Release|Any CPU
	EndGlobalSection
	GlobalSection(SolutionProperties) = preSolution
		HideSolutionNode = FALSE
	EndGlobalSection
	GlobalSection(ExtensibilityGlobals) = postSolution
		SolutionGuid = {92455E45-DF75-475C-BEFE-7055D1E391B6}
	EndGlobalSection
EndGlobal
